// !$*UTF8*$!
{
	archiveVersion = 1;
	classes = {
	};
	objectVersion = 56;
	objects = {

/* Begin PBXBuildFile section */
		963E4ABA2A4F5BD500BE329C /* IniteAppIOsApp.swift in Sources */ = {isa = PBXBuildFile; fileRef = 963E4AB92A4F5BD500BE329C /* IniteAppIOsApp.swift */; };
		963E4ABC2A4F5BD500BE329C /* ContentView.swift in Sources */ = {isa = PBXBuildFile; fileRef = 963E4ABB2A4F5BD500BE329C /* ContentView.swift */; };
		963E4ABE2A4F5BD600BE329C /* Assets.xcassets in Resources */ = {isa = PBXBuildFile; fileRef = 963E4ABD2A4F5BD600BE329C /* Assets.xcassets */; };
		963E4AC22A4F5BD600BE329C /* Preview Assets.xcassets in Resources */ = {isa = PBXBuildFile; fileRef = 963E4AC12A4F5BD600BE329C /* Preview Assets.xcassets */; };
		963E4ACA2A4F633200BE329C /* TagView.swift in Sources */ = {isa = PBXBuildFile; fileRef = 963E4AC92A4F633200BE329C /* TagView.swift */; };
		963E4ACC2A4F647900BE329C /* ProjectCardView.swift in Sources */ = {isa = PBXBuildFile; fileRef = 963E4ACB2A4F647900BE329C /* ProjectCardView.swift */; };
		963E4ACE2A4F6B3A00BE329C /* isAddingButtonView.swift in Sources */ = {isa = PBXBuildFile; fileRef = 963E4ACD2A4F6B3A00BE329C /* isAddingButtonView.swift */; };
		963E4AD02A506E0300BE329C /* CircleImageView.swift in Sources */ = {isa = PBXBuildFile; fileRef = 963E4ACF2A506E0300BE329C /* CircleImageView.swift */; };
		963E4AD22A5071C600BE329C /* ProjectCardFooterView.swift in Sources */ = {isa = PBXBuildFile; fileRef = 963E4AD12A5071C600BE329C /* ProjectCardFooterView.swift */; };
		96CCF0742A50B5630037DE2A /* TopicTextListView.swift in Sources */ = {isa = PBXBuildFile; fileRef = 96CCF0732A50B5630037DE2A /* TopicTextListView.swift */; };
		96CCF0762A50B88A0037DE2A /* ProjectCardHeaderView.swift in Sources */ = {isa = PBXBuildFile; fileRef = 96CCF0752A50B88A0037DE2A /* ProjectCardHeaderView.swift */; };
/* End PBXBuildFile section */

/* Begin PBXFileReference section */
		963E4AB62A4F5BD500BE329C /* IniteAppIOs.app */ = {isa = PBXFileReference; explicitFileType = wrapper.application; includeInIndex = 0; path = IniteAppIOs.app; sourceTree = BUILT_PRODUCTS_DIR; };
		963E4AB92A4F5BD500BE329C /* IniteAppIOsApp.swift */ = {isa = PBXFileReference; lastKnownFileType = sourcecode.swift; path = IniteAppIOsApp.swift; sourceTree = "<group>"; };
		963E4ABB2A4F5BD500BE329C /* ContentView.swift */ = {isa = PBXFileReference; lastKnownFileType = sourcecode.swift; path = ContentView.swift; sourceTree = "<group>"; };
		963E4ABD2A4F5BD600BE329C /* Assets.xcassets */ = {isa = PBXFileReference; lastKnownFileType = folder.assetcatalog; path = Assets.xcassets; sourceTree = "<group>"; };
		963E4ABF2A4F5BD600BE329C /* IniteAppIOs.entitlements */ = {isa = PBXFileReference; lastKnownFileType = text.plist.entitlements; path = IniteAppIOs.entitlements; sourceTree = "<group>"; };
		963E4AC12A4F5BD600BE329C /* Preview Assets.xcassets */ = {isa = PBXFileReference; lastKnownFileType = folder.assetcatalog; path = "Preview Assets.xcassets"; sourceTree = "<group>"; };
		963E4AC92A4F633200BE329C /* TagView.swift */ = {isa = PBXFileReference; lastKnownFileType = sourcecode.swift; path = TagView.swift; sourceTree = "<group>"; };
		963E4ACB2A4F647900BE329C /* ProjectCardView.swift */ = {isa = PBXFileReference; lastKnownFileType = sourcecode.swift; path = ProjectCardView.swift; sourceTree = "<group>"; };
		963E4ACD2A4F6B3A00BE329C /* isAddingButtonView.swift */ = {isa = PBXFileReference; lastKnownFileType = sourcecode.swift; path = isAddingButtonView.swift; sourceTree = "<group>"; };
		963E4ACF2A506E0300BE329C /* CircleImageView.swift */ = {isa = PBXFileReference; lastKnownFileType = sourcecode.swift; path = CircleImageView.swift; sourceTree = "<group>"; };
		963E4AD12A5071C600BE329C /* ProjectCardFooterView.swift */ = {isa = PBXFileReference; lastKnownFileType = sourcecode.swift; path = ProjectCardFooterView.swift; sourceTree = "<group>"; };
		96CCF0732A50B5630037DE2A /* TopicTextListView.swift */ = {isa = PBXFileReference; lastKnownFileType = sourcecode.swift; path = TopicTextListView.swift; sourceTree = "<group>"; };
		96CCF0752A50B88A0037DE2A /* ProjectCardHeaderView.swift */ = {isa = PBXFileReference; lastKnownFileType = sourcecode.swift; path = ProjectCardHeaderView.swift; sourceTree = "<group>"; };
/* End PBXFileReference section */

/* Begin PBXFrameworksBuildPhase section */
		963E4AB32A4F5BD500BE329C /* Frameworks */ = {
			isa = PBXFrameworksBuildPhase;
			buildActionMask = 2147483647;
			files = (
			);
			runOnlyForDeploymentPostprocessing = 0;
		};
/* End PBXFrameworksBuildPhase section */

/* Begin PBXGroup section */
		963E4AAD2A4F5BD500BE329C = {
			isa = PBXGroup;
			children = (
				963E4AB82A4F5BD500BE329C /* IniteAppIOs */,
				963E4AB72A4F5BD500BE329C /* Products */,
			);
			sourceTree = "<group>";
		};
		963E4AB72A4F5BD500BE329C /* Products */ = {
			isa = PBXGroup;
			children = (
				963E4AB62A4F5BD500BE329C /* IniteAppIOs.app */,
			);
			name = Products;
			sourceTree = "<group>";
		};
		963E4AB82A4F5BD500BE329C /* IniteAppIOs */ = {
			isa = PBXGroup;
			children = (
				963E4AC82A4F632500BE329C /* Views */,
				963E4AB92A4F5BD500BE329C /* IniteAppIOsApp.swift */,
				963E4ABB2A4F5BD500BE329C /* ContentView.swift */,
				963E4ABD2A4F5BD600BE329C /* Assets.xcassets */,
				963E4ABF2A4F5BD600BE329C /* IniteAppIOs.entitlements */,
				963E4AC02A4F5BD600BE329C /* Preview Content */,
			);
			path = IniteAppIOs;
			sourceTree = "<group>";
		};
		963E4AC02A4F5BD600BE329C /* Preview Content */ = {
			isa = PBXGroup;
			children = (
				963E4AC12A4F5BD600BE329C /* Preview Assets.xcassets */,
			);
			path = "Preview Content";
			sourceTree = "<group>";
		};
		963E4AC82A4F632500BE329C /* Views */ = {
			isa = PBXGroup;
			children = (
				963E4AC92A4F633200BE329C /* TagView.swift */,
				963E4ACB2A4F647900BE329C /* ProjectCardView.swift */,
				96CCF0732A50B5630037DE2A /* TopicTextListView.swift */,
				963E4ACD2A4F6B3A00BE329C /* isAddingButtonView.swift */,
				963E4ACF2A506E0300BE329C /* CircleImageView.swift */,
				963E4AD12A5071C600BE329C /* ProjectCardFooterView.swift */,
				96CCF0752A50B88A0037DE2A /* ProjectCardHeaderView.swift */,
			);
			path = Views;
			sourceTree = "<group>";
		};
/* End PBXGroup section */

/* Begin PBXNativeTarget section */
		963E4AB52A4F5BD500BE329C /* IniteAppIOs */ = {
			isa = PBXNativeTarget;
			buildConfigurationList = 963E4AC52A4F5BD600BE329C /* Build configuration list for PBXNativeTarget "IniteAppIOs" */;
			buildPhases = (
				963E4AB22A4F5BD500BE329C /* Sources */,
				963E4AB32A4F5BD500BE329C /* Frameworks */,
				963E4AB42A4F5BD500BE329C /* Resources */,
			);
			buildRules = (
			);
			dependencies = (
			);
			name = IniteAppIOs;
			productName = IniteAppIOs;
			productReference = 963E4AB62A4F5BD500BE329C /* IniteAppIOs.app */;
			productType = "com.apple.product-type.application";
		};
/* End PBXNativeTarget section */

/* Begin PBXProject section */
		963E4AAE2A4F5BD500BE329C /* Project object */ = {
			isa = PBXProject;
			attributes = {
				BuildIndependentTargetsInParallel = 1;
				LastSwiftUpdateCheck = 1430;
				LastUpgradeCheck = 1430;
				TargetAttributes = {
					963E4AB52A4F5BD500BE329C = {
						CreatedOnToolsVersion = 14.3.1;
					};
				};
			};
			buildConfigurationList = 963E4AB12A4F5BD500BE329C /* Build configuration list for PBXProject "IniteAppIOs" */;
			compatibilityVersion = "Xcode 14.0";
			developmentRegion = en;
			hasScannedForEncodings = 0;
			knownRegions = (
				en,
				Base,
			);
			mainGroup = 963E4AAD2A4F5BD500BE329C;
			productRefGroup = 963E4AB72A4F5BD500BE329C /* Products */;
			projectDirPath = "";
			projectRoot = "";
			targets = (
				963E4AB52A4F5BD500BE329C /* IniteAppIOs */,
			);
		};
/* End PBXProject section */

/* Begin PBXResourcesBuildPhase section */
		963E4AB42A4F5BD500BE329C /* Resources */ = {
			isa = PBXResourcesBuildPhase;
			buildActionMask = 2147483647;
			files = (
				963E4AC22A4F5BD600BE329C /* Preview Assets.xcassets in Resources */,
				963E4ABE2A4F5BD600BE329C /* Assets.xcassets in Resources */,
			);
			runOnlyForDeploymentPostprocessing = 0;
		};
/* End PBXResourcesBuildPhase section */

/* Begin PBXSourcesBuildPhase section */
		963E4AB22A4F5BD500BE329C /* Sources */ = {
			isa = PBXSourcesBuildPhase;
			buildActionMask = 2147483647;
			files = (
				963E4AD02A506E0300BE329C /* CircleImageView.swift in Sources */,
				963E4AD22A5071C600BE329C /* ProjectCardFooterView.swift in Sources */,
				963E4ACC2A4F647900BE329C /* ProjectCardView.swift in Sources */,
				96CCF0762A50B88A0037DE2A /* ProjectCardHeaderView.swift in Sources */,
				963E4ABC2A4F5BD500BE329C /* ContentView.swift in Sources */,
				963E4ACE2A4F6B3A00BE329C /* isAddingButtonView.swift in Sources */,
				96CCF0742A50B5630037DE2A /* TopicTextListView.swift in Sources */,
				963E4ABA2A4F5BD500BE329C /* IniteAppIOsApp.swift in Sources */,
				963E4ACA2A4F633200BE329C /* TagView.swift in Sources */,
			);
			runOnlyForDeploymentPostprocessing = 0;
		};
/* End PBXSourcesBuildPhase section */

/* Begin XCBuildConfiguration section */
		963E4AC32A4F5BD600BE329C /* Debug */ = {
			isa = XCBuildConfiguration;
			buildSettings = {
				ALWAYS_SEARCH_USER_PATHS = NO;
				CLANG_ANALYZER_NONNULL = YES;
				CLANG_ANALYZER_NUMBER_OBJECT_CONVERSION = YES_AGGRESSIVE;
				CLANG_CXX_LANGUAGE_STANDARD = "gnu++20";
				CLANG_ENABLE_MODULES = YES;
				CLANG_ENABLE_OBJC_ARC = YES;
				CLANG_ENABLE_OBJC_WEAK = YES;
				CLANG_WARN_BLOCK_CAPTURE_AUTORELEASING = YES;
				CLANG_WARN_BOOL_CONVERSION = YES;
				CLANG_WARN_COMMA = YES;
				CLANG_WARN_CONSTANT_CONVERSION = YES;
				CLANG_WARN_DEPRECATED_OBJC_IMPLEMENTATIONS = YES;
				CLANG_WARN_DIRECT_OBJC_ISA_USAGE = YES_ERROR;
				CLANG_WARN_DOCUMENTATION_COMMENTS = YES;
				CLANG_WARN_EMPTY_BODY = YES;
				CLANG_WARN_ENUM_CONVERSION = YES;
				CLANG_WARN_INFINITE_RECURSION = YES;
				CLANG_WARN_INT_CONVERSION = YES;
				CLANG_WARN_NON_LITERAL_NULL_CONVERSION = YES;
				CLANG_WARN_OBJC_IMPLICIT_RETAIN_SELF = YES;
				CLANG_WARN_OBJC_LITERAL_CONVERSION = YES;
				CLANG_WARN_OBJC_ROOT_CLASS = YES_ERROR;
				CLANG_WARN_QUOTED_INCLUDE_IN_FRAMEWORK_HEADER = YES;
				CLANG_WARN_RANGE_LOOP_ANALYSIS = YES;
				CLANG_WARN_STRICT_PROTOTYPES = YES;
				CLANG_WARN_SUSPICIOUS_MOVE = YES;
				CLANG_WARN_UNGUARDED_AVAILABILITY = YES_AGGRESSIVE;
				CLANG_WARN_UNREACHABLE_CODE = YES;
				CLANG_WARN__DUPLICATE_METHOD_MATCH = YES;
				COPY_PHASE_STRIP = NO;
				DEBUG_INFORMATION_FORMAT = dwarf;
				ENABLE_STRICT_OBJC_MSGSEND = YES;
				ENABLE_TESTABILITY = YES;
				GCC_C_LANGUAGE_STANDARD = gnu11;
				GCC_DYNAMIC_NO_PIC = NO;
				GCC_NO_COMMON_BLOCKS = YES;
				GCC_OPTIMIZATION_LEVEL = 0;
				GCC_PREPROCESSOR_DEFINITIONS = (
					"DEBUG=1",
					"$(inherited)",
				);
				GCC_WARN_64_TO_32_BIT_CONVERSION = YES;
				GCC_WARN_ABOUT_RETURN_TYPE = YES_ERROR;
				GCC_WARN_UNDECLARED_SELECTOR = YES;
				GCC_WARN_UNINITIALIZED_AUTOS = YES_AGGRESSIVE;
				GCC_WARN_UNUSED_FUNCTION = YES;
				GCC_WARN_UNUSED_VARIABLE = YES;
				MTL_ENABLE_DEBUG_INFO = INCLUDE_SOURCE;
				MTL_FAST_MATH = YES;
				ONLY_ACTIVE_ARCH = YES;
				SWIFT_ACTIVE_COMPILATION_CONDITIONS = DEBUG;
				SWIFT_OPTIMIZATION_LEVEL = "-Onone";
			};
			name = Debug;
		};
		963E4AC42A4F5BD600BE329C /* Release */ = {
			isa = XCBuildConfiguration;
			buildSettings = {
				ALWAYS_SEARCH_USER_PATHS = NO;
				CLANG_ANALYZER_NONNULL = YES;
				CLANG_ANALYZER_NUMBER_OBJECT_CONVERSION = YES_AGGRESSIVE;
				CLANG_CXX_LANGUAGE_STANDARD = "gnu++20";
				CLANG_ENABLE_MODULES = YES;
				CLANG_ENABLE_OBJC_ARC = YES;
				CLANG_ENABLE_OBJC_WEAK = YES;
				CLANG_WARN_BLOCK_CAPTURE_AUTORELEASING = YES;
				CLANG_WARN_BOOL_CONVERSION = YES;
				CLANG_WARN_COMMA = YES;
				CLANG_WARN_CONSTANT_CONVERSION = YES;
				CLANG_WARN_DEPRECATED_OBJC_IMPLEMENTATIONS = YES;
				CLANG_WARN_DIRECT_OBJC_ISA_USAGE = YES_ERROR;
				CLANG_WARN_DOCUMENTATION_COMMENTS = YES;
				CLANG_WARN_EMPTY_BODY = YES;
				CLANG_WARN_ENUM_CONVERSION = YES;
				CLANG_WARN_INFINITE_RECURSION = YES;
				CLANG_WARN_INT_CONVERSION = YES;
				CLANG_WARN_NON_LITERAL_NULL_CONVERSION = YES;
				CLANG_WARN_OBJC_IMPLICIT_RETAIN_SELF = YES;
				CLANG_WARN_OBJC_LITERAL_CONVERSION = YES;
				CLANG_WARN_OBJC_ROOT_CLASS = YES_ERROR;
				CLANG_WARN_QUOTED_INCLUDE_IN_FRAMEWORK_HEADER = YES;
				CLANG_WARN_RANGE_LOOP_ANALYSIS = YES;
				CLANG_WARN_STRICT_PROTOTYPES = YES;
				CLANG_WARN_SUSPICIOUS_MOVE = YES;
				CLANG_WARN_UNGUARDED_AVAILABILITY = YES_AGGRESSIVE;
				CLANG_WARN_UNREACHABLE_CODE = YES;
				CLANG_WARN__DUPLICATE_METHOD_MATCH = YES;
				COPY_PHASE_STRIP = NO;
				DEBUG_INFORMATION_FORMAT = "dwarf-with-dsym";
				ENABLE_NS_ASSERTIONS = NO;
				ENABLE_STRICT_OBJC_MSGSEND = YES;
				GCC_C_LANGUAGE_STANDARD = gnu11;
				GCC_NO_COMMON_BLOCKS = YES;
				GCC_WARN_64_TO_32_BIT_CONVERSION = YES;
				GCC_WARN_ABOUT_RETURN_TYPE = YES_ERROR;
				GCC_WARN_UNDECLARED_SELECTOR = YES;
				GCC_WARN_UNINITIALIZED_AUTOS = YES_AGGRESSIVE;
				GCC_WARN_UNUSED_FUNCTION = YES;
				GCC_WARN_UNUSED_VARIABLE = YES;
				MTL_ENABLE_DEBUG_INFO = NO;
				MTL_FAST_MATH = YES;
				SWIFT_COMPILATION_MODE = wholemodule;
				SWIFT_OPTIMIZATION_LEVEL = "-O";
			};
			name = Release;
		};
		963E4AC62A4F5BD600BE329C /* Debug */ = {
			isa = XCBuildConfiguration;
			buildSettings = {
				ASSETCATALOG_COMPILER_APPICON_NAME = AppIcon;
				ASSETCATALOG_COMPILER_GLOBAL_ACCENT_COLOR_NAME = AccentColor;
				CODE_SIGN_ENTITLEMENTS = IniteAppIOs/IniteAppIOs.entitlements;
				CODE_SIGN_STYLE = Automatic;
				CURRENT_PROJECT_VERSION = 1;
				DEVELOPMENT_ASSET_PATHS = "\"IniteAppIOs/Preview Content\"";
				DEVELOPMENT_TEAM = U866MK84CS;
				ENABLE_HARDENED_RUNTIME = YES;
				ENABLE_PREVIEWS = YES;
				GENERATE_INFOPLIST_FILE = YES;
				"INFOPLIST_KEY_UIApplicationSceneManifest_Generation[sdk=iphoneos*]" = YES;
				"INFOPLIST_KEY_UIApplicationSceneManifest_Generation[sdk=iphonesimulator*]" = YES;
				"INFOPLIST_KEY_UIApplicationSupportsIndirectInputEvents[sdk=iphoneos*]" = YES;
				"INFOPLIST_KEY_UIApplicationSupportsIndirectInputEvents[sdk=iphonesimulator*]" = YES;
				"INFOPLIST_KEY_UILaunchScreen_Generation[sdk=iphoneos*]" = YES;
				"INFOPLIST_KEY_UILaunchScreen_Generation[sdk=iphonesimulator*]" = YES;
				"INFOPLIST_KEY_UIStatusBarStyle[sdk=iphoneos*]" = UIStatusBarStyleDefault;
				"INFOPLIST_KEY_UIStatusBarStyle[sdk=iphonesimulator*]" = UIStatusBarStyleDefault;
				INFOPLIST_KEY_UISupportedInterfaceOrientations_iPad = "UIInterfaceOrientationPortrait UIInterfaceOrientationPortraitUpsideDown UIInterfaceOrientationLandscapeLeft UIInterfaceOrientationLandscapeRight";
				INFOPLIST_KEY_UISupportedInterfaceOrientations_iPhone = "UIInterfaceOrientationPortrait UIInterfaceOrientationLandscapeLeft UIInterfaceOrientationLandscapeRight";
				IPHONEOS_DEPLOYMENT_TARGET = 16.4;
				LD_RUNPATH_SEARCH_PATHS = "@executable_path/Frameworks";
				"LD_RUNPATH_SEARCH_PATHS[sdk=macosx*]" = "@executable_path/../Frameworks";
				MACOSX_DEPLOYMENT_TARGET = 13.3;
				MARKETING_VERSION = 1.0;
				PRODUCT_BUNDLE_IDENTIFIER = com.vids.IniteAppIOs;
				PRODUCT_NAME = "$(TARGET_NAME)";
				SDKROOT = auto;
				SUPPORTED_PLATFORMS = "iphoneos iphonesimulator macosx";
				SWIFT_EMIT_LOC_STRINGS = YES;
				SWIFT_VERSION = 5.0;
				TARGETED_DEVICE_FAMILY = "1,2";
			};
			name = Debug;
		};
		963E4AC72A4F5BD600BE329C /* Release */ = {
			isa = XCBuildConfiguration;
			buildSettings = {
				ASSETCATALOG_COMPILER_APPICON_NAME = AppIcon;
				ASSETCATALOG_COMPILER_GLOBAL_ACCENT_COLOR_NAME = AccentColor;
				CODE_SIGN_ENTITLEMENTS = IniteAppIOs/IniteAppIOs.entitlements;
				CODE_SIGN_STYLE = Automatic;
				CURRENT_PROJECT_VERSION = 1;
				DEVELOPMENT_ASSET_PATHS = "\"IniteAppIOs/Preview Content\"";
				DEVELOPMENT_TEAM = U866MK84CS;
				ENABLE_HARDENED_RUNTIME = YES;
				ENABLE_PREVIEWS = YES;
				GENERATE_INFOPLIST_FILE = YES;
				"INFOPLIST_KEY_UIApplicationSceneManifest_Generation[sdk=iphoneos*]" = YES;
				"INFOPLIST_KEY_UIApplicationSceneManifest_Generation[sdk=iphonesimulator*]" = YES;
				"INFOPLIST_KEY_UIApplicationSupportsIndirectInputEvents[sdk=iphoneos*]" = YES;
				"INFOPLIST_KEY_UIApplicationSupportsIndirectInputEvents[sdk=iphonesimulator*]" = YES;
				"INFOPLIST_KEY_UILaunchScreen_Generation[sdk=iphoneos*]" = YES;
				"INFOPLIST_KEY_UILaunchScreen_Generation[sdk=iphonesimulator*]" = YES;
				"INFOPLIST_KEY_UIStatusBarStyle[sdk=iphoneos*]" = UIStatusBarStyleDefault;
				"INFOPLIST_KEY_UIStatusBarStyle[sdk=iphonesimulator*]" = UIStatusBarStyleDefault;
				INFOPLIST_KEY_UISupportedInterfaceOrientations_iPad = "UIInterfaceOrientationPortrait UIInterfaceOrientationPortraitUpsideDown UIInterfaceOrientationLandscapeLeft UIInterfaceOrientationLandscapeRight";
				INFOPLIST_KEY_UISupportedInterfaceOrientations_iPhone = "UIInterfaceOrientationPortrait UIInterfaceOrientationLandscapeLeft UIInterfaceOrientationLandscapeRight";
				IPHONEOS_DEPLOYMENT_TARGET = 16.4;
				LD_RUNPATH_SEARCH_PATHS = "@executable_path/Frameworks";
				"LD_RUNPATH_SEARCH_PATHS[sdk=macosx*]" = "@executable_path/../Frameworks";
				MACOSX_DEPLOYMENT_TARGET = 13.3;
				MARKETING_VERSION = 1.0;
				PRODUCT_BUNDLE_IDENTIFIER = com.vids.IniteAppIOs;
				PRODUCT_NAME = "$(TARGET_NAME)";
				SDKROOT = auto;
				SUPPORTED_PLATFORMS = "iphoneos iphonesimulator macosx";
				SWIFT_EMIT_LOC_STRINGS = YES;
				SWIFT_VERSION = 5.0;
				TARGETED_DEVICE_FAMILY = "1,2";
			};
			name = Release;
		};
/* End XCBuildConfiguration section */

/* Begin XCConfigurationList section */
		963E4AB12A4F5BD500BE329C /* Build configuration list for PBXProject "IniteAppIOs" */ = {
			isa = XCConfigurationList;
			buildConfigurations = (
				963E4AC32A4F5BD600BE329C /* Debug */,
				963E4AC42A4F5BD600BE329C /* Release */,
			);
			defaultConfigurationIsVisible = 0;
			defaultConfigurationName = Release;
		};
		963E4AC52A4F5BD600BE329C /* Build configuration list for PBXNativeTarget "IniteAppIOs" */ = {
			isa = XCConfigurationList;
			buildConfigurations = (
				963E4AC62A4F5BD600BE329C /* Debug */,
				963E4AC72A4F5BD600BE329C /* Release */,
			);
			defaultConfigurationIsVisible = 0;
			defaultConfigurationName = Release;
		};
/* End XCConfigurationList section */
	};
	rootObject = 963E4AAE2A4F5BD500BE329C /* Project object */;
}
